
Microsoft Visual Studio Solution File, Format Version 12.00
# Visual Studio 2013
VisualStudioVersion = 12.0.40629.0
MinimumVisualStudioVersion = 10.0.40219.1
Project("{2150E333-8FDC-42A3-9474-1A3956D46DE8}") = "Data", "Data", "{6E0B2A92-A4A1-4A54-8498-CB2B3BDEEF49}"
EndProject
Project("{2150E333-8FDC-42A3-9474-1A3956D46DE8}") = "Web", "Web", "{AEBCBCFB-CEEE-40E9-AB6C-3190DA142D7C}"
EndProject
Project("{FAE04EC0-301F-11D3-BF4B-00C04F79EFBC}") = "Contests.App", "Contest.App\Contests.App.csproj", "{79277D4B-C0E3-4D43-B22B-F4367A64BDF1}"
EndProject
Project("{FAE04EC0-301F-11D3-BF4B-00C04F79EFBC}") = "Contests.Data", "Contests.Data\Contests.Data.csproj", "{17B99C52-EE19-4B2A-AD27-0E5773A0007B}"
EndProject
Project("{FAE04EC0-301F-11D3-BF4B-00C04F79EFBC}") = "Contests.Models", "Contests.Models\Contests.Models.csproj", "{96E38987-D70B-41FA-B144-40C2BEEAEDB8}"
EndProject
Global
	GlobalSection(SolutionConfigurationPlatforms) = preSolution
		Debug|Any CPU = Debug|Any CPU
		Release|Any CPU = Release|Any CPU
	EndGlobalSection
	GlobalSection(ProjectConfigurationPlatforms) = postSolution
		{79277D4B-C0E3-4D43-B22B-F4367A64BDF1}.Debug|Any CPU.ActiveCfg = Debug|Any CPU
		{79277D4B-C0E3-4D43-B22B-F4367A64BDF1}.Debug|Any CPU.Build.0 = Debug|Any CPU
		{79277D4B-C0E3-4D43-B22B-F4367A64BDF1}.Release|Any CPU.ActiveCfg = Release|Any CPU
		{79277D4B-C0E3-4D43-B22B-F4367A64BDF1}.Release|Any CPU.Build.0 = Release|Any CPU
		{17B99C52-EE19-4B2A-AD27-0E5773A0007B}.Debug|Any CPU.ActiveCfg = Debug|Any CPU
		{17B99C52-EE19-4B2A-AD27-0E5773A0007B}.Debug|Any CPU.Build.0 = Debug|Any CPU
		{17B99C52-EE19-4B2A-AD27-0E5773A0007B}.Release|Any CPU.ActiveCfg = Release|Any CPU
		{17B99C52-EE19-4B2A-AD27-0E5773A0007B}.Release|Any CPU.Build.0 = Release|Any CPU
		{96E38987-D70B-41FA-B144-40C2BEEAEDB8}.Debug|Any CPU.ActiveCfg = Debug|Any CPU
		{96E38987-D70B-41FA-B144-40C2BEEAEDB8}.Debug|Any CPU.Build.0 = Debug|Any CPU
		{96E38987-D70B-41FA-B144-40C2BEEAEDB8}.Release|Any CPU.ActiveCfg = Release|Any CPU
		{96E38987-D70B-41FA-B144-40C2BEEAEDB8}.Release|Any CPU.Build.0 = Release|Any CPU
	EndGlobalSection
	GlobalSection(SolutionProperties) = preSolution
		HideSolutionNode = FALSE
	EndGlobalSection
	GlobalSection(NestedProjects) = preSolution
		{79277D4B-C0E3-4D43-B22B-F4367A64BDF1} = {AEBCBCFB-CEEE-40E9-AB6C-3190DA142D7C}
		{17B99C52-EE19-4B2A-AD27-0E5773A0007B} = {6E0B2A92-A4A1-4A54-8498-CB2B3BDEEF49}
		{96E38987-D70B-41FA-B144-40C2BEEAEDB8} = {6E0B2A92-A4A1-4A54-8498-CB2B3BDEEF49}
	EndGlobalSection
EndGlobal
